
Microsoft Visual Studio Solution File, Format Version 12.00
# Visual Studio Version 17
VisualStudioVersion = 17.7.34009.444
MinimumVisualStudioVersion = 10.0.40219.1
Project("{FAE04EC0-301F-11D3-BF4B-00C04F79EFBC}") = "EmployeesApi", "EmployeesApi.csproj", "{1E7F6098-C57C-41DB-BBD8-43F2DF5A23BD}"
EndProject
Global
	GlobalSection(SolutionConfigurationPlatforms) = preSolution
		Debug|Any CPU = Debug|Any CPU
		Release|Any CPU = Release|Any CPU
	EndGlobalSection
	GlobalSection(ProjectConfigurationPlatforms) = postSolution
		{1E7F6098-C57C-41DB-BBD8-43F2DF5A23BD}.Debug|Any CPU.ActiveCfg = Debug|Any CPU
		{1E7F6098-C57C-41DB-BBD8-43F2DF5A23BD}.Debug|Any CPU.Build.0 = Debug|Any CPU
		{1E7F6098-C57C-41DB-BBD8-43F2DF5A23BD}.Release|Any CPU.ActiveCfg = Release|Any CPU
		{1E7F6098-C57C-41DB-BBD8-43F2DF5A23BD}.Release|Any CPU.Build.0 = Release|Any CPU
	EndGlobalSection
	GlobalSection(SolutionProperties) = preSolution
		HideSolutionNode = FALSE
	EndGlobalSection
	GlobalSection(ExtensibilityGlobals) = postSolution
		SolutionGuid = {4A3FFEB2-B9FD-49C7-B1E3-67863F37C4AC}
	EndGlobalSection
EndGlobal
