
Microsoft Visual Studio Solution File, Format Version 12.00
# Visual Studio Version 17
VisualStudioVersion = 17.7.34009.444
MinimumVisualStudioVersion = 10.0.40219.1
Project("{FAE04EC0-301F-11D3-BF4B-00C04F79EFBC}") = "DemoApi", "DemoApi.csproj", "{434AD860-77AC-44BB-BBA9-8DC7AFE3453E}"
EndProject
Global
	GlobalSection(SolutionConfigurationPlatforms) = preSolution
		Debug|Any CPU = Debug|Any CPU
		Release|Any CPU = Release|Any CPU
	EndGlobalSection
	GlobalSection(ProjectConfigurationPlatforms) = postSolution
		{434AD860-77AC-44BB-BBA9-8DC7AFE3453E}.Debug|Any CPU.ActiveCfg = Debug|Any CPU
		{434AD860-77AC-44BB-BBA9-8DC7AFE3453E}.Debug|Any CPU.Build.0 = Debug|Any CPU
		{434AD860-77AC-44BB-BBA9-8DC7AFE3453E}.Release|Any CPU.ActiveCfg = Release|Any CPU
		{434AD860-77AC-44BB-BBA9-8DC7AFE3453E}.Release|Any CPU.Build.0 = Release|Any CPU
	EndGlobalSection
	GlobalSection(SolutionProperties) = preSolution
		HideSolutionNode = FALSE
	EndGlobalSection
	GlobalSection(ExtensibilityGlobals) = postSolution
		SolutionGuid = {B8D78EFF-DB5D-4BD9-90AA-8836B7A246E7}
	EndGlobalSection
EndGlobal
